
Microsoft Visual Studio Solution File, Format Version 12.00
# Visual Studio 15
VisualStudioVersion = 15.0.27130.2010
MinimumVisualStudioVersion = 10.0.40219.1
Project("{888888A0-9F3D-457C-B088-3A5042F75D52}") = "Perceptron", "MachineLearning\Perceptron.pyproj", "{53B8A522-19F1-4B21-93D6-6B510C471906}"
EndProject
Global
	GlobalSection(SolutionConfigurationPlatforms) = preSolution
		Debug|Any CPU = Debug|Any CPU
		Release|Any CPU = Release|Any CPU
	EndGlobalSection
	GlobalSection(ProjectConfigurationPlatforms) = postSolution
		{53B8A522-19F1-4B21-93D6-6B510C471906}.Debug|Any CPU.ActiveCfg = Debug|Any CPU
		{53B8A522-19F1-4B21-93D6-6B510C471906}.Release|Any CPU.ActiveCfg = Release|Any CPU
	EndGlobalSection
	GlobalSection(SolutionProperties) = preSolution
		HideSolutionNode = FALSE
	EndGlobalSection
	GlobalSection(ExtensibilityGlobals) = postSolution
		SolutionGuid = {2CA9321F-52AF-4E5C-9B0C-298242135630}
	EndGlobalSection
EndGlobal
